dependencies:
- name: postgresql
  repository: https://charts.bitnami.com/bitnami
  version: 12.4.3
- name: redis
  repository: https://charts.bitnami.com/bitnami
  version: 17.10.3
digest: sha256:3571043372ea13269a4a2cefb9f3217e83df29c8cfff94b185a2510e04b3d75b
generated: "2023-05-12T01:06:40.12124118Z"
