dependencies:
- name: postgresql
  repository: https://charts.bitnami.com/bitnami
  version: 12.2.6
- name: redis
  repository: https://charts.bitnami.com/bitnami
  version: 17.9.2
digest: sha256:ed516ec0a103befc28f081480227bd85be1232e43ab544a300dfd4b309151f42
generated: "2023-03-28T18:09:30.473002319Z"
